// !$*UTF8*$!
{
	archiveVersion = 1;
	classes = {
	};
	objectVersion = 48;
	objects = {

/* Begin PBXBuildFile section */
		DDFB4B421FDB4EE50090A6F0 /* AppDelegate.swift in Sources */ = {isa = PBXBuildFile; fileRef = DDFB4B411FDB4EE50090A6F0 /* AppDelegate.swift */; };
		DDFB4B441FDB4EE50090A6F0 /* ViewController.swift in Sources */ = {isa = PBXBuildFile; fileRef = DDFB4B431FDB4EE50090A6F0 /* ViewController.swift */; };
		DDFB4B471FDB4EE50090A6F0 /* Main.storyboard in Resources */ = {isa = PBXBuildFile; fileRef = DDFB4B451FDB4EE50090A6F0 /* Main.storyboard */; };
		DDFB4B491FDB4EE50090A6F0 /* Assets.xcassets in Resources */ = {isa = PBXBuildFile; fileRef = DDFB4B481FDB4EE50090A6F0 /* Assets.xcassets */; };
		DDFB4B4C1FDB4EE50090A6F0 /* LaunchScreen.storyboard in Resources */ = {isa = PBXBuildFile; fileRef = DDFB4B4A1FDB4EE50090A6F0 /* LaunchScreen.storyboard */; };
		DDFB4B571FDB4EE50090A6F0 /* FinalReceiverTests.swift in Sources */ = {isa = PBXBuildFile; fileRef = DDFB4B561FDB4EE50090A6F0 /* FinalReceiverTests.swift */; };
		DDFB4B621FDB4EE50090A6F0 /* FinalReceiverUITests.swift in Sources */ = {isa = PBXBuildFile; fileRef = DDFB4B611FDB4EE50090A6F0 /* FinalReceiverUITests.swift */; };
/* End PBXBuildFile section */

/* Begin PBXContainerItemProxy section */
		DDFB4B531FDB4EE50090A6F0 /* PBXContainerItemProxy */ = {
			isa = PBXContainerItemProxy;
			containerPortal = DDFB4B361FDB4EE50090A6F0 /* Project object */;
			proxyType = 1;
			remoteGlobalIDString = DDFB4B3D1FDB4EE50090A6F0;
			remoteInfo = FinalReceiver;
		};
		DDFB4B5E1FDB4EE50090A6F0 /* PBXContainerItemProxy */ = {
			isa = PBXContainerItemProxy;
			containerPortal = DDFB4B361FDB4EE50090A6F0 /* Project object */;
			proxyType = 1;
			remoteGlobalIDString = DDFB4B3D1FDB4EE50090A6F0;
			remoteInfo = FinalReceiver;
		};
/* End PBXContainerItemProxy section */

/* Begin PBXFileReference section */
		DDFB4B3E1FDB4EE50090A6F0 /* FinalReceiver.app */ = {isa = PBXFileReference; explicitFileType = wrapper.application; includeInIndex = 0; path = FinalReceiver.app; sourceTree = BUILT_PRODUCTS_DIR; };
		DDFB4B411FDB4EE50090A6F0 /* AppDelegate.swift */ = {isa = PBXFileReference; lastKnownFileType = sourcecode.swift; path = AppDelegate.swift; sourceTree = "<group>"; };
		DDFB4B431FDB4EE50090A6F0 /* ViewController.swift */ = {isa = PBXFileReference; lastKnownFileType = sourcecode.swift; path = ViewController.swift; sourceTree = "<group>"; };
		DDFB4B461FDB4EE50090A6F0 /* Base */ = {isa = PBXFileReference; lastKnownFileType = file.storyboard; name = Base; path = Base.lproj/Main.storyboard; sourceTree = "<group>"; };
		DDFB4B481FDB4EE50090A6F0 /* Assets.xcassets */ = {isa = PBXFileReference; lastKnownFileType = folder.assetcatalog; path = Assets.xcassets; sourceTree = "<group>"; };
		DDFB4B4B1FDB4EE50090A6F0 /* Base */ = {isa = PBXFileReference; lastKnownFileType = file.storyboard; name = Base; path = Base.lproj/LaunchScreen.storyboard; sourceTree = "<group>"; };
		DDFB4B4D1FDB4EE50090A6F0 /* Info.plist */ = {isa = PBXFileReference; lastKnownFileType = text.plist.xml; path = Info.plist; sourceTree = "<group>"; };
		DDFB4B521FDB4EE50090A6F0 /* FinalReceiverTests.xctest */ = {isa = PBXFileReference; explicitFileType = wrapper.cfbundle; includeInIndex = 0; path = FinalReceiverTests.xctest; sourceTree = BUILT_PRODUCTS_DIR; };
		DDFB4B561FDB4EE50090A6F0 /* FinalReceiverTests.swift */ = {isa = PBXFileReference; lastKnownFileType = sourcecode.swift; path = FinalReceiverTests.swift; sourceTree = "<group>"; };
		DDFB4B581FDB4EE50090A6F0 /* Info.plist */ = {isa = PBXFileReference; lastKnownFileType = text.plist.xml; path = Info.plist; sourceTree = "<group>"; };
		DDFB4B5D1FDB4EE50090A6F0 /* FinalReceiverUITests.xctest */ = {isa = PBXFileReference; explicitFileType = wrapper.cfbundle; includeInIndex = 0; path = FinalReceiverUITests.xctest; sourceTree = BUILT_PRODUCTS_DIR; };
		DDFB4B611FDB4EE50090A6F0 /* FinalReceiverUITests.swift */ = {isa = PBXFileReference; lastKnownFileType = sourcecode.swift; path = FinalReceiverUITests.swift; sourceTree = "<group>"; };
		DDFB4B631FDB4EE50090A6F0 /* Info.plist */ = {isa = PBXFileReference; lastKnownFileType = text.plist.xml; path = Info.plist; sourceTree = "<group>"; };
/* End PBXFileReference section */

/* Begin PBXFrameworksBuildPhase section */
		DDFB4B3B1FDB4EE50090A6F0 /* Frameworks */ = {
			isa = PBXFrameworksBuildPhase;
			buildActionMask = 2147483647;
			files = (
			);
			runOnlyForDeploymentPostprocessing = 0;
		};
		DDFB4B4F1FDB4EE50090A6F0 /* Frameworks */ = {
			isa = PBXFrameworksBuildPhase;
			buildActionMask = 2147483647;
			files = (
			);
			runOnlyForDeploymentPostprocessing = 0;
		};
		DDFB4B5A1FDB4EE50090A6F0 /* Frameworks */ = {
			isa = PBXFrameworksBuildPhase;
			buildActionMask = 2147483647;
			files = (
			);
			runOnlyForDeploymentPostprocessing = 0;
		};
/* End PBXFrameworksBuildPhase section */

/* Begin PBXGroup section */
		DDFB4B351FDB4EE50090A6F0 = {
			isa = PBXGroup;
			children = (
				DDFB4B401FDB4EE50090A6F0 /* FinalReceiver */,
				DDFB4B551FDB4EE50090A6F0 /* FinalReceiverTests */,
				DDFB4B601FDB4EE50090A6F0 /* FinalReceiverUITests */,
				DDFB4B3F1FDB4EE50090A6F0 /* Products */,
			);
			sourceTree = "<group>";
		};
		DDFB4B3F1FDB4EE50090A6F0 /* Products */ = {
			isa = PBXGroup;
			children = (
				DDFB4B3E1FDB4EE50090A6F0 /* FinalReceiver.app */,
				DDFB4B521FDB4EE50090A6F0 /* FinalReceiverTests.xctest */,
				DDFB4B5D1FDB4EE50090A6F0 /* FinalReceiverUITests.xctest */,
			);
			name = Products;
			sourceTree = "<group>";
		};
		DDFB4B401FDB4EE50090A6F0 /* FinalReceiver */ = {
			isa = PBXGroup;
			children = (
				DDFB4B411FDB4EE50090A6F0 /* AppDelegate.swift */,
				DDFB4B431FDB4EE50090A6F0 /* ViewController.swift */,
				DDFB4B451FDB4EE50090A6F0 /* Main.storyboard */,
				DDFB4B481FDB4EE50090A6F0 /* Assets.xcassets */,
				DDFB4B4A1FDB4EE50090A6F0 /* LaunchScreen.storyboard */,
				DDFB4B4D1FDB4EE50090A6F0 /* Info.plist */,
			);
			path = FinalReceiver;
			sourceTree = "<group>";
		};
		DDFB4B551FDB4EE50090A6F0 /* FinalReceiverTests */ = {
			isa = PBXGroup;
			children = (
				DDFB4B561FDB4EE50090A6F0 /* FinalReceiverTests.swift */,
				DDFB4B581FDB4EE50090A6F0 /* Info.plist */,
			);
			path = FinalReceiverTests;
			sourceTree = "<group>";
		};
		DDFB4B601FDB4EE50090A6F0 /* FinalReceiverUITests */ = {
			isa = PBXGroup;
			children = (
				DDFB4B611FDB4EE50090A6F0 /* FinalReceiverUITests.swift */,
				DDFB4B631FDB4EE50090A6F0 /* Info.plist */,
			);
			path = FinalReceiverUITests;
			sourceTree = "<group>";
		};
/* End PBXGroup section */

/* Begin PBXNativeTarget section */
		DDFB4B3D1FDB4EE50090A6F0 /* FinalReceiver */ = {
			isa = PBXNativeTarget;
			buildConfigurationList = DDFB4B661FDB4EE50090A6F0 /* Build configuration list for PBXNativeTarget "FinalReceiver" */;
			buildPhases = (
				DDFB4B3A1FDB4EE50090A6F0 /* Sources */,
				DDFB4B3B1FDB4EE50090A6F0 /* Frameworks */,
				DDFB4B3C1FDB4EE50090A6F0 /* Resources */,
			);
			buildRules = (
			);
			dependencies = (
			);
			name = FinalReceiver;
			productName = FinalReceiver;
			productReference = DDFB4B3E1FDB4EE50090A6F0 /* FinalReceiver.app */;
			productType = "com.apple.product-type.application";
		};
		DDFB4B511FDB4EE50090A6F0 /* FinalReceiverTests */ = {
			isa = PBXNativeTarget;
			buildConfigurationList = DDFB4B691FDB4EE50090A6F0 /* Build configuration list for PBXNativeTarget "FinalReceiverTests" */;
			buildPhases = (
				DDFB4B4E1FDB4EE50090A6F0 /* Sources */,
				DDFB4B4F1FDB4EE50090A6F0 /* Frameworks */,
				DDFB4B501FDB4EE50090A6F0 /* Resources */,
			);
			buildRules = (
			);
			dependencies = (
				DDFB4B541FDB4EE50090A6F0 /* PBXTargetDependency */,
			);
			name = FinalReceiverTests;
			productName = FinalReceiverTests;
			productReference = DDFB4B521FDB4EE50090A6F0 /* FinalReceiverTests.xctest */;
			productType = "com.apple.product-type.bundle.unit-test";
		};
		DDFB4B5C1FDB4EE50090A6F0 /* FinalReceiverUITests */ = {
			isa = PBXNativeTarget;
			buildConfigurationList = DDFB4B6C1FDB4EE50090A6F0 /* Build configuration list for PBXNativeTarget "FinalReceiverUITests" */;
			buildPhases = (
				DDFB4B591FDB4EE50090A6F0 /* Sources */,
				DDFB4B5A1FDB4EE50090A6F0 /* Frameworks */,
				DDFB4B5B1FDB4EE50090A6F0 /* Resources */,
			);
			buildRules = (
			);
			dependencies = (
				DDFB4B5F1FDB4EE50090A6F0 /* PBXTargetDependency */,
			);
			name = FinalReceiverUITests;
			productName = FinalReceiverUITests;
			productReference = DDFB4B5D1FDB4EE50090A6F0 /* FinalReceiverUITests.xctest */;
			productType = "com.apple.product-type.bundle.ui-testing";
		};
/* End PBXNativeTarget section */

/* Begin PBXProject section */
		DDFB4B361FDB4EE50090A6F0 /* Project object */ = {
			isa = PBXProject;
			attributes = {
				LastSwiftUpdateCheck = 0910;
				LastUpgradeCheck = 0910;
				ORGANIZATIONNAME = "Morris Arroyo";
				TargetAttributes = {
					DDFB4B3D1FDB4EE50090A6F0 = {
						CreatedOnToolsVersion = 9.1;
						ProvisioningStyle = Automatic;
					};
					DDFB4B511FDB4EE50090A6F0 = {
						CreatedOnToolsVersion = 9.1;
						ProvisioningStyle = Automatic;
						TestTargetID = DDFB4B3D1FDB4EE50090A6F0;
					};
					DDFB4B5C1FDB4EE50090A6F0 = {
						CreatedOnToolsVersion = 9.1;
						ProvisioningStyle = Automatic;
						TestTargetID = DDFB4B3D1FDB4EE50090A6F0;
					};
				};
			};
			buildConfigurationList = DDFB4B391FDB4EE50090A6F0 /* Build configuration list for PBXProject "FinalReceiver" */;
			compatibilityVersion = "Xcode 8.0";
			developmentRegion = en;
			hasScannedForEncodings = 0;
			knownRegions = (
				en,
				Base,
			);
			mainGroup = DDFB4B351FDB4EE50090A6F0;
			productRefGroup = DDFB4B3F1FDB4EE50090A6F0 /* Products */;
			projectDirPath = "";
			projectRoot = "";
			targets = (
				DDFB4B3D1FDB4EE50090A6F0 /* FinalReceiver */,
				DDFB4B511FDB4EE50090A6F0 /* FinalReceiverTests */,
				DDFB4B5C1FDB4EE50090A6F0 /* FinalReceiverUITests */,
			);
		};
/* End PBXProject section */

/* Begin PBXResourcesBuildPhase section */
		DDFB4B3C1FDB4EE50090A6F0 /* Resources */ = {
			isa = PBXResourcesBuildPhase;
			buildActionMask = 2147483647;
			files = (
				DDFB4B4C1FDB4EE50090A6F0 /* LaunchScreen.storyboard in Resources */,
				DDFB4B491FDB4EE50090A6F0 /* Assets.xcassets in Resources */,
				DDFB4B471FDB4EE50090A6F0 /* Main.storyboard in Resources */,
			);
			runOnlyForDeploymentPostprocessing = 0;
		};
		DDFB4B501FDB4EE50090A6F0 /* Resources */ = {
			isa = PBXResourcesBuildPhase;
			buildActionMask = 2147483647;
			files = (
			);
			runOnlyForDeploymentPostprocessing = 0;
		};
		DDFB4B5B1FDB4EE50090A6F0 /* Resources */ = {
			isa = PBXResourcesBuildPhase;
			buildActionMask = 2147483647;
			files = (
			);
			runOnlyForDeploymentPostprocessing = 0;
		};
/* End PBXResourcesBuildPhase section */

/* Begin PBXSourcesBuildPhase section */
		DDFB4B3A1FDB4EE50090A6F0 /* Sources */ = {
			isa = PBXSourcesBuildPhase;
			buildActionMask = 2147483647;
			files = (
				DDFB4B441FDB4EE50090A6F0 /* ViewController.swift in Sources */,
				DDFB4B421FDB4EE50090A6F0 /* AppDelegate.swift in Sources */,
			);
			runOnlyForDeploymentPostprocessing = 0;
		};
		DDFB4B4E1FDB4EE50090A6F0 /* Sources */ = {
			isa = PBXSourcesBuildPhase;
			buildActionMask = 2147483647;
			files = (
				DDFB4B571FDB4EE50090A6F0 /* FinalReceiverTests.swift in Sources */,
			);
			runOnlyForDeploymentPostprocessing = 0;
		};
		DDFB4B591FDB4EE50090A6F0 /* Sources */ = {
			isa = PBXSourcesBuildPhase;
			buildActionMask = 2147483647;
			files = (
				DDFB4B621FDB4EE50090A6F0 /* FinalReceiverUITests.swift in Sources */,
			);
			runOnlyForDeploymentPostprocessing = 0;
		};
/* End PBXSourcesBuildPhase section */

/* Begin PBXTargetDependency section */
		DDFB4B541FDB4EE50090A6F0 /* PBXTargetDependency */ = {
			isa = PBXTargetDependency;
			target = DDFB4B3D1FDB4EE50090A6F0 /* FinalReceiver */;
			targetProxy = DDFB4B531FDB4EE50090A6F0 /* PBXContainerItemProxy */;
		};
		DDFB4B5F1FDB4EE50090A6F0 /* PBXTargetDependency */ = {
			isa = PBXTargetDependency;
			target = DDFB4B3D1FDB4EE50090A6F0 /* FinalReceiver */;
			targetProxy = DDFB4B5E1FDB4EE50090A6F0 /* PBXContainerItemProxy */;
		};
/* End PBXTargetDependency section */

/* Begin PBXVariantGroup section */
		DDFB4B451FDB4EE50090A6F0 /* Main.storyboard */ = {
			isa = PBXVariantGroup;
			children = (
				DDFB4B461FDB4EE50090A6F0 /* Base */,
			);
			name = Main.storyboard;
			sourceTree = "<group>";
		};
		DDFB4B4A1FDB4EE50090A6F0 /* LaunchScreen.storyboard */ = {
			isa = PBXVariantGroup;
			children = (
				DDFB4B4B1FDB4EE50090A6F0 /* Base */,
			);
			name = LaunchScreen.storyboard;
			sourceTree = "<group>";
		};
/* End PBXVariantGroup section */

/* Begin XCBuildConfiguration section */
		DDFB4B641FDB4EE50090A6F0 /* Debug */ = {
			isa = XCBuildConfiguration;
			buildSettings = {
				ALWAYS_SEARCH_USER_PATHS = NO;
				CLANG_ANALYZER_NONNULL = YES;
				CLANG_ANALYZER_NUMBER_OBJECT_CONVERSION = YES_AGGRESSIVE;
				CLANG_CXX_LANGUAGE_STANDARD = "gnu++14";
				CLANG_CXX_LIBRARY = "libc++";
				CLANG_ENABLE_MODULES = YES;
				CLANG_ENABLE_OBJC_ARC = YES;
				CLANG_WARN_BLOCK_CAPTURE_AUTORELEASING = YES;
				CLANG_WARN_BOOL_CONVERSION = YES;
				CLANG_WARN_COMMA = YES;
				CLANG_WARN_CONSTANT_CONVERSION = YES;
				CLANG_WARN_DIRECT_OBJC_ISA_USAGE = YES_ERROR;
				CLANG_WARN_DOCUMENTATION_COMMENTS = YES;
				CLANG_WARN_EMPTY_BODY = YES;
				CLANG_WARN_ENUM_CONVERSION = YES;
				CLANG_WARN_INFINITE_RECURSION = YES;
				CLANG_WARN_INT_CONVERSION = YES;
				CLANG_WARN_NON_LITERAL_NULL_CONVERSION = YES;
				CLANG_WARN_OBJC_LITERAL_CONVERSION = YES;
				CLANG_WARN_OBJC_ROOT_CLASS = YES_ERROR;
				CLANG_WARN_RANGE_LOOP_ANALYSIS = YES;
				CLANG_WARN_STRICT_PROTOTYPES = YES;
				CLANG_WARN_SUSPICIOUS_MOVE = YES;
				CLANG_WARN_UNGUARDED_AVAILABILITY = YES_AGGRESSIVE;
				CLANG_WARN_UNREACHABLE_CODE = YES;
				CLANG_WARN__DUPLICATE_METHOD_MATCH = YES;
				CODE_SIGN_IDENTITY = "iPhone Developer";
				COPY_PHASE_STRIP = NO;
				DEBUG_INFORMATION_FORMAT = dwarf;
				ENABLE_STRICT_OBJC_MSGSEND = YES;
				ENABLE_TESTABILITY = YES;
				GCC_C_LANGUAGE_STANDARD = gnu11;
				GCC_DYNAMIC_NO_PIC = NO;
				GCC_NO_COMMON_BLOCKS = YES;
				GCC_OPTIMIZATION_LEVEL = 0;
				GCC_PREPROCESSOR_DEFINITIONS = (
					"DEBUG=1",
					"$(inherited)",
				);
				GCC_WARN_64_TO_32_BIT_CONVERSION = YES;
				GCC_WARN_ABOUT_RETURN_TYPE = YES_ERROR;
				GCC_WARN_UNDECLARED_SELECTOR = YES;
				GCC_WARN_UNINITIALIZED_AUTOS = YES_AGGRESSIVE;
				GCC_WARN_UNUSED_FUNCTION = YES;
				GCC_WARN_UNUSED_VARIABLE = YES;
				IPHONEOS_DEPLOYMENT_TARGET = 11.1;
				MTL_ENABLE_DEBUG_INFO = YES;
				ONLY_ACTIVE_ARCH = YES;
				SDKROOT = iphoneos;
				SWIFT_ACTIVE_COMPILATION_CONDITIONS = DEBUG;
				SWIFT_OPTIMIZATION_LEVEL = "-Onone";
			};
			name = Debug;
		};
		DDFB4B651FDB4EE50090A6F0 /* Release */ = {
			isa = XCBuildConfiguration;
			buildSettings = {
				ALWAYS_SEARCH_USER_PATHS = NO;
				CLANG_ANALYZER_NONNULL = YES;
				CLANG_ANALYZER_NUMBER_OBJECT_CONVERSION = YES_AGGRESSIVE;
				CLANG_CXX_LANGUAGE_STANDARD = "gnu++14";
				CLANG_CXX_LIBRARY = "libc++";
				CLANG_ENABLE_MODULES = YES;
				CLANG_ENABLE_OBJC_ARC = YES;
				CLANG_WARN_BLOCK_CAPTURE_AUTORELEASING = YES;
				CLANG_WARN_BOOL_CONVERSION = YES;
				CLANG_WARN_COMMA = YES;
				CLANG_WARN_CONSTANT_CONVERSION = YES;
				CLANG_WARN_DIRECT_OBJC_ISA_USAGE = YES_ERROR;
				CLANG_WARN_DOCUMENTATION_COMMENTS = YES;
				CLANG_WARN_EMPTY_BODY = YES;
				CLANG_WARN_ENUM_CONVERSION = YES;
				CLANG_WARN_INFINITE_RECURSION = YES;
				CLANG_WARN_INT_CONVERSION = YES;
				CLANG_WARN_NON_LITERAL_NULL_CONVERSION = YES;
				CLANG_WARN_OBJC_LITERAL_CONVERSION = YES;
				CLANG_WARN_OBJC_ROOT_CLASS = YES_ERROR;
				CLANG_WARN_RANGE_LOOP_ANALYSIS = YES;
				CLANG_WARN_STRICT_PROTOTYPES = YES;
				CLANG_WARN_SUSPICIOUS_MOVE = YES;
				CLANG_WARN_UNGUARDED_AVAILABILITY = YES_AGGRESSIVE;
				CLANG_WARN_UNREACHABLE_CODE = YES;
				CLANG_WARN__DUPLICATE_METHOD_MATCH = YES;
				CODE_SIGN_IDENTITY = "iPhone Developer";
				COPY_PHASE_STRIP = NO;
				DEBUG_INFORMATION_FORMAT = "dwarf-with-dsym";
				ENABLE_NS_ASSERTIONS = NO;
				ENABLE_STRICT_OBJC_MSGSEND = YES;
				GCC_C_LANGUAGE_STANDARD = gnu11;
				GCC_NO_COMMON_BLOCKS = YES;
				GCC_WARN_64_TO_32_BIT_CONVERSION = YES;
				GCC_WARN_ABOUT_RETURN_TYPE = YES_ERROR;
				GCC_WARN_UNDECLARED_SELECTOR = YES;
				GCC_WARN_UNINITIALIZED_AUTOS = YES_AGGRESSIVE;
				GCC_WARN_UNUSED_FUNCTION = YES;
				GCC_WARN_UNUSED_VARIABLE = YES;
				IPHONEOS_DEPLOYMENT_TARGET = 11.1;
				MTL_ENABLE_DEBUG_INFO = NO;
				SDKROOT = iphoneos;
				SWIFT_OPTIMIZATION_LEVEL = "-Owholemodule";
				VALIDATE_PRODUCT = YES;
			};
			name = Release;
		};
		DDFB4B671FDB4EE50090A6F0 /* Debug */ = {
			isa = XCBuildConfiguration;
			buildSettings = {
				ASSETCATALOG_COMPILER_APPICON_NAME = AppIcon;
				CODE_SIGN_STYLE = Automatic;
				DEVELOPMENT_TEAM = N6RP3H788Z;
				INFOPLIST_FILE = FinalReceiver/Info.plist;
				IPHONEOS_DEPLOYMENT_TARGET = 11.1;
				LD_RUNPATH_SEARCH_PATHS = "$(inherited) @executable_path/Frameworks";
				PRODUCT_BUNDLE_IDENTIFIER = ca.bcit.comp4977.FinalReceiver;
				PRODUCT_NAME = "$(TARGET_NAME)";
				SWIFT_VERSION = 4.0;
				TARGETED_DEVICE_FAMILY = "1,2";
			};
			name = Debug;
		};
		DDFB4B681FDB4EE50090A6F0 /* Release */ = {
			isa = XCBuildConfiguration;
			buildSettings = {
				ASSETCATALOG_COMPILER_APPICON_NAME = AppIcon;
				CODE_SIGN_STYLE = Automatic;
				DEVELOPMENT_TEAM = N6RP3H788Z;
				INFOPLIST_FILE = FinalReceiver/Info.plist;
				IPHONEOS_DEPLOYMENT_TARGET = 11.1;
				LD_RUNPATH_SEARCH_PATHS = "$(inherited) @executable_path/Frameworks";
				PRODUCT_BUNDLE_IDENTIFIER = ca.bcit.comp4977.FinalReceiver;
				PRODUCT_NAME = "$(TARGET_NAME)";
				SWIFT_VERSION = 4.0;
				TARGETED_DEVICE_FAMILY = "1,2";
			};
			name = Release;
		};
		DDFB4B6A1FDB4EE50090A6F0 /* Debug */ = {
			isa = XCBuildConfiguration;
			buildSettings = {
				ALWAYS_EMBED_SWIFT_STANDARD_LIBRARIES = YES;
				BUNDLE_LOADER = "$(TEST_HOST)";
				CODE_SIGN_STYLE = Automatic;
				DEVELOPMENT_TEAM = N6RP3H788Z;
				INFOPLIST_FILE = FinalReceiverTests/Info.plist;
				LD_RUNPATH_SEARCH_PATHS = "$(inherited) @executable_path/Frameworks @loader_path/Frameworks";
				PRODUCT_BUNDLE_IDENTIFIER = ca.bcit.comp4977.FinalReceiverTests;
				PRODUCT_NAME = "$(TARGET_NAME)";
				SWIFT_VERSION = 4.0;
				TARGETED_DEVICE_FAMILY = "1,2";
				TEST_HOST = "$(BUILT_PRODUCTS_DIR)/FinalReceiver.app/FinalReceiver";
			};
			name = Debug;
		};
		DDFB4B6B1FDB4EE50090A6F0 /* Release */ = {
			isa = XCBuildConfiguration;
			buildSettings = {
				ALWAYS_EMBED_SWIFT_STANDARD_LIBRARIES = YES;
				BUNDLE_LOADER = "$(TEST_HOST)";
				CODE_SIGN_STYLE = Automatic;
				DEVELOPMENT_TEAM = N6RP3H788Z;
				INFOPLIST_FILE = FinalReceiverTests/Info.plist;
				LD_RUNPATH_SEARCH_PATHS = "$(inherited) @executable_path/Frameworks @loader_path/Frameworks";
				PRODUCT_BUNDLE_IDENTIFIER = ca.bcit.comp4977.FinalReceiverTests;
				PRODUCT_NAME = "$(TARGET_NAME)";
				SWIFT_VERSION = 4.0;
				TARGETED_DEVICE_FAMILY = "1,2";
				TEST_HOST = "$(BUILT_PRODUCTS_DIR)/FinalReceiver.app/FinalReceiver";
			};
			name = Release;
		};
		DDFB4B6D1FDB4EE50090A6F0 /* Debug */ = {
			isa = XCBuildConfiguration;
			buildSettings = {
				ALWAYS_EMBED_SWIFT_STANDARD_LIBRARIES = YES;
				CODE_SIGN_STYLE = Automatic;
				DEVELOPMENT_TEAM = N6RP3H788Z;
				INFOPLIST_FILE = FinalReceiverUITests/Info.plist;
				LD_RUNPATH_SEARCH_PATHS = "$(inherited) @executable_path/Frameworks @loader_path/Frameworks";
				PRODUCT_BUNDLE_IDENTIFIER = ca.bcit.comp4977.FinalReceiverUITests;
				PRODUCT_NAME = "$(TARGET_NAME)";
				SWIFT_VERSION = 4.0;
				TARGETED_DEVICE_FAMILY = "1,2";
				TEST_TARGET_NAME = FinalReceiver;
			};
			name = Debug;
		};
		DDFB4B6E1FDB4EE50090A6F0 /* Release */ = {
			isa = XCBuildConfiguration;
			buildSettings = {
				ALWAYS_EMBED_SWIFT_STANDARD_LIBRARIES = YES;
				CODE_SIGN_STYLE = Automatic;
				DEVELOPMENT_TEAM = N6RP3H788Z;
				INFOPLIST_FILE = FinalReceiverUITests/Info.plist;
				LD_RUNPATH_SEARCH_PATHS = "$(inherited) @executable_path/Frameworks @loader_path/Frameworks";
				PRODUCT_BUNDLE_IDENTIFIER = ca.bcit.comp4977.FinalReceiverUITests;
				PRODUCT_NAME = "$(TARGET_NAME)";
				SWIFT_VERSION = 4.0;
				TARGETED_DEVICE_FAMILY = "1,2";
				TEST_TARGET_NAME = FinalReceiver;
			};
			name = Release;
		};
/* End XCBuildConfiguration section */

/* Begin XCConfigurationList section */
		DDFB4B391FDB4EE50090A6F0 /* Build configuration list for PBXProject "FinalReceiver" */ = {
			isa = XCConfigurationList;
			buildConfigurations = (
				DDFB4B641FDB4EE50090A6F0 /* Debug */,
				DDFB4B651FDB4EE50090A6F0 /* Release */,
			);
			defaultConfigurationIsVisible = 0;
			defaultConfigurationName = Release;
		};
		DDFB4B661FDB4EE50090A6F0 /* Build configuration list for PBXNativeTarget "FinalReceiver" */ = {
			isa = XCConfigurationList;
			buildConfigurations = (
				DDFB4B671FDB4EE50090A6F0 /* Debug */,
				DDFB4B681FDB4EE50090A6F0 /* Release */,
			);
			defaultConfigurationIsVisible = 0;
			defaultConfigurationName = Release;
		};
		DDFB4B691FDB4EE50090A6F0 /* Build configuration list for PBXNativeTarget "FinalReceiverTests" */ = {
			isa = XCConfigurationList;
			buildConfigurations = (
				DDFB4B6A1FDB4EE50090A6F0 /* Debug */,
				DDFB4B6B1FDB4EE50090A6F0 /* Release */,
			);
			defaultConfigurationIsVisible = 0;
			defaultConfigurationName = Release;
		};
		DDFB4B6C1FDB4EE50090A6F0 /* Build configuration list for PBXNativeTarget "FinalReceiverUITests" */ = {
			isa = XCConfigurationList;
			buildConfigurations = (
				DDFB4B6D1FDB4EE50090A6F0 /* Debug */,
				DDFB4B6E1FDB4EE50090A6F0 /* Release */,
			);
			defaultConfigurationIsVisible = 0;
			defaultConfigurationName = Release;
		};
/* End XCConfigurationList section */
	};
	rootObject = DDFB4B361FDB4EE50090A6F0 /* Project object */;
}
